
Microsoft Visual Studio Solution File, Format Version 12.00
# Visual Studio Version 16
VisualStudioVersion = 16.0.30517.126
MinimumVisualStudioVersion = 10.0.40219.1
Project("{FAE04EC0-301F-11D3-BF4B-00C04F79EFBC}") = "Zadanie 3", "Zadanie 3.csproj", "{B496BA21-5F6A-4EEF-A5E3-B2DAC05BD9DD}"
EndProject
Global
	GlobalSection(SolutionConfigurationPlatforms) = preSolution
		Debug|Any CPU = Debug|Any CPU
		Release|Any CPU = Release|Any CPU
	EndGlobalSection
	GlobalSection(ProjectConfigurationPlatforms) = postSolution
		{B496BA21-5F6A-4EEF-A5E3-B2DAC05BD9DD}.Debug|Any CPU.ActiveCfg = Debug|Any CPU
		{B496BA21-5F6A-4EEF-A5E3-B2DAC05BD9DD}.Debug|Any CPU.Build.0 = Debug|Any CPU
		{B496BA21-5F6A-4EEF-A5E3-B2DAC05BD9DD}.Release|Any CPU.ActiveCfg = Release|Any CPU
		{B496BA21-5F6A-4EEF-A5E3-B2DAC05BD9DD}.Release|Any CPU.Build.0 = Release|Any CPU
	EndGlobalSection
	GlobalSection(SolutionProperties) = preSolution
		HideSolutionNode = FALSE
	EndGlobalSection
	GlobalSection(ExtensibilityGlobals) = postSolution
		SolutionGuid = {7AA90B05-1BDF-4895-8AEF-C62DC1A9A668}
	EndGlobalSection
EndGlobal
