
Microsoft Visual Studio Solution File, Format Version 12.00
# Visual Studio Version 16
VisualStudioVersion = 16.0.30517.126
MinimumVisualStudioVersion = 10.0.40219.1
Project("{FAE04EC0-301F-11D3-BF4B-00C04F79EFBC}") = "Zjazd2", "Zjazd2.csproj", "{66BFCB1A-CB70-49C0-85D9-0EAFF747DEB2}"
EndProject
Global
	GlobalSection(SolutionConfigurationPlatforms) = preSolution
		Debug|Any CPU = Debug|Any CPU
		Release|Any CPU = Release|Any CPU
	EndGlobalSection
	GlobalSection(ProjectConfigurationPlatforms) = postSolution
		{66BFCB1A-CB70-49C0-85D9-0EAFF747DEB2}.Debug|Any CPU.ActiveCfg = Debug|Any CPU
		{66BFCB1A-CB70-49C0-85D9-0EAFF747DEB2}.Debug|Any CPU.Build.0 = Debug|Any CPU
		{66BFCB1A-CB70-49C0-85D9-0EAFF747DEB2}.Release|Any CPU.ActiveCfg = Release|Any CPU
		{66BFCB1A-CB70-49C0-85D9-0EAFF747DEB2}.Release|Any CPU.Build.0 = Release|Any CPU
	EndGlobalSection
	GlobalSection(SolutionProperties) = preSolution
		HideSolutionNode = FALSE
	EndGlobalSection
	GlobalSection(ExtensibilityGlobals) = postSolution
		SolutionGuid = {5593DC7E-3742-475B-81FF-9256A070F0A4}
	EndGlobalSection
EndGlobal
